
Microsoft Visual Studio Solution File, Format Version 12.00
# Visual Studio Version 17
VisualStudioVersion = 17.11.35327.3
MinimumVisualStudioVersion = 10.0.40219.1
Project("{FAE04EC0-301F-11D3-BF4B-00C04F79EFBC}") = "MyDVLD", "MyDVLD.csproj", "{9D683063-A138-4DFC-99FE-900B096F31F7}"
EndProject
Project("{FAE04EC0-301F-11D3-BF4B-00C04F79EFBC}") = "DVLD_Buisness", "..\DVLD_Buisness\DVLD_Buisness.csproj", "{2CF48043-EF5C-429E-BB4F-44A693D6DA63}"
EndProject
Project("{FAE04EC0-301F-11D3-BF4B-00C04F79EFBC}") = "DVLD_DataAccess", "..\DVLD_DataAccess\DVLD_DataAccess.csproj", "{9F38BB6D-343B-4026-A666-D7DE0A1518DF}"
EndProject
Global
	GlobalSection(SolutionConfigurationPlatforms) = preSolution
		Debug|Any CPU = Debug|Any CPU
		Release|Any CPU = Release|Any CPU
	EndGlobalSection
	GlobalSection(ProjectConfigurationPlatforms) = postSolution
		{9D683063-A138-4DFC-99FE-900B096F31F7}.Debug|Any CPU.ActiveCfg = Debug|Any CPU
		{9D683063-A138-4DFC-99FE-900B096F31F7}.Debug|Any CPU.Build.0 = Debug|Any CPU
		{9D683063-A138-4DFC-99FE-900B096F31F7}.Release|Any CPU.ActiveCfg = Release|Any CPU
		{9D683063-A138-4DFC-99FE-900B096F31F7}.Release|Any CPU.Build.0 = Release|Any CPU
		{2CF48043-EF5C-429E-BB4F-44A693D6DA63}.Debug|Any CPU.ActiveCfg = Debug|Any CPU
		{2CF48043-EF5C-429E-BB4F-44A693D6DA63}.Debug|Any CPU.Build.0 = Debug|Any CPU
		{2CF48043-EF5C-429E-BB4F-44A693D6DA63}.Release|Any CPU.ActiveCfg = Release|Any CPU
		{2CF48043-EF5C-429E-BB4F-44A693D6DA63}.Release|Any CPU.Build.0 = Release|Any CPU
		{9F38BB6D-343B-4026-A666-D7DE0A1518DF}.Debug|Any CPU.ActiveCfg = Debug|Any CPU
		{9F38BB6D-343B-4026-A666-D7DE0A1518DF}.Debug|Any CPU.Build.0 = Debug|Any CPU
		{9F38BB6D-343B-4026-A666-D7DE0A1518DF}.Release|Any CPU.ActiveCfg = Release|Any CPU
		{9F38BB6D-343B-4026-A666-D7DE0A1518DF}.Release|Any CPU.Build.0 = Release|Any CPU
	EndGlobalSection
	GlobalSection(SolutionProperties) = preSolution
		HideSolutionNode = FALSE
	EndGlobalSection
	GlobalSection(ExtensibilityGlobals) = postSolution
		SolutionGuid = {9F03C230-68BB-4DAF-9DB9-C636ABE57B2F}
	EndGlobalSection
EndGlobal
